// !$*UTF8*$!
{
	archiveVersion = 1;
	classes = {
	};
	objectVersion = 50;
	objects = {

/* Begin PBXBuildFile section */
		E091C5472485F9E70066FBE9 /* AppDelegate.swift in Sources */ = {isa = PBXBuildFile; fileRef = E091C5462485F9E70066FBE9 /* AppDelegate.swift */; };
		E091C5492485F9E70066FBE9 /* SceneDelegate.swift in Sources */ = {isa = PBXBuildFile; fileRef = E091C5482485F9E70066FBE9 /* SceneDelegate.swift */; };
		E091C54B2485F9E70066FBE9 /* ViewController.swift in Sources */ = {isa = PBXBuildFile; fileRef = E091C54A2485F9E70066FBE9 /* ViewController.swift */; };
		E091C54E2485F9E70066FBE9 /* Main.storyboard in Resources */ = {isa = PBXBuildFile; fileRef = E091C54C2485F9E70066FBE9 /* Main.storyboard */; };
		E091C5502485F9E80066FBE9 /* Assets.xcassets in Resources */ = {isa = PBXBuildFile; fileRef = E091C54F2485F9E80066FBE9 /* Assets.xcassets */; };
		E091C5532485F9E80066FBE9 /* LaunchScreen.storyboard in Resources */ = {isa = PBXBuildFile; fileRef = E091C5512485F9E80066FBE9 /* LaunchScreen.storyboard */; };
		E091C55C2485FB7C0066FBE9 /* Right.mp3 in Resources */ = {isa = PBXBuildFile; fileRef = E091C55B2485FB7C0066FBE9 /* Right.mp3 */; };
/* End PBXBuildFile section */

/* Begin PBXFileReference section */
		E091C5432485F9E70066FBE9 /* HelloPlayAudio.app */ = {isa = PBXFileReference; explicitFileType = wrapper.application; includeInIndex = 0; path = HelloPlayAudio.app; sourceTree = BUILT_PRODUCTS_DIR; };
		E091C5462485F9E70066FBE9 /* AppDelegate.swift */ = {isa = PBXFileReference; lastKnownFileType = sourcecode.swift; path = AppDelegate.swift; sourceTree = "<group>"; };
		E091C5482485F9E70066FBE9 /* SceneDelegate.swift */ = {isa = PBXFileReference; lastKnownFileType = sourcecode.swift; path = SceneDelegate.swift; sourceTree = "<group>"; };
		E091C54A2485F9E70066FBE9 /* ViewController.swift */ = {isa = PBXFileReference; lastKnownFileType = sourcecode.swift; path = ViewController.swift; sourceTree = "<group>"; };
		E091C54D2485F9E70066FBE9 /* Base */ = {isa = PBXFileReference; lastKnownFileType = file.storyboard; name = Base; path = Base.lproj/Main.storyboard; sourceTree = "<group>"; };
		E091C54F2485F9E80066FBE9 /* Assets.xcassets */ = {isa = PBXFileReference; lastKnownFileType = folder.assetcatalog; path = Assets.xcassets; sourceTree = "<group>"; };
		E091C5522485F9E80066FBE9 /* Base */ = {isa = PBXFileReference; lastKnownFileType = file.storyboard; name = Base; path = Base.lproj/LaunchScreen.storyboard; sourceTree = "<group>"; };
		E091C5542485F9E80066FBE9 /* Info.plist */ = {isa = PBXFileReference; lastKnownFileType = text.plist.xml; path = Info.plist; sourceTree = "<group>"; };
		E091C55B2485FB7C0066FBE9 /* Right.mp3 */ = {isa = PBXFileReference; lastKnownFileType = audio.mp3; path = Right.mp3; sourceTree = "<group>"; };
/* End PBXFileReference section */

/* Begin PBXFrameworksBuildPhase section */
		E091C5402485F9E70066FBE9 /* Frameworks */ = {
			isa = PBXFrameworksBuildPhase;
			buildActionMask = 2147483647;
			files = (
			);
			runOnlyForDeploymentPostprocessing = 0;
		};
/* End PBXFrameworksBuildPhase section */

/* Begin PBXGroup section */
		E091C53A2485F9E70066FBE9 = {
			isa = PBXGroup;
			children = (
				E091C5452485F9E70066FBE9 /* HelloPlayAudio */,
				E091C5442485F9E70066FBE9 /* Products */,
			);
			sourceTree = "<group>";
		};
		E091C5442485F9E70066FBE9 /* Products */ = {
			isa = PBXGroup;
			children = (
				E091C5432485F9E70066FBE9 /* HelloPlayAudio.app */,
			);
			name = Products;
			sourceTree = "<group>";
		};
		E091C5452485F9E70066FBE9 /* HelloPlayAudio */ = {
			isa = PBXGroup;
			children = (
				E091C55A2485FB1D0066FBE9 /* mp3 */,
				E091C5462485F9E70066FBE9 /* AppDelegate.swift */,
				E091C5482485F9E70066FBE9 /* SceneDelegate.swift */,
				E091C54A2485F9E70066FBE9 /* ViewController.swift */,
				E091C54C2485F9E70066FBE9 /* Main.storyboard */,
				E091C54F2485F9E80066FBE9 /* Assets.xcassets */,
				E091C5512485F9E80066FBE9 /* LaunchScreen.storyboard */,
				E091C5542485F9E80066FBE9 /* Info.plist */,
			);
			path = HelloPlayAudio;
			sourceTree = "<group>";
		};
		E091C55A2485FB1D0066FBE9 /* mp3 */ = {
			isa = PBXGroup;
			children = (
				E091C55B2485FB7C0066FBE9 /* Right.mp3 */,
			);
			path = mp3;
			sourceTree = "<group>";
		};
/* End PBXGroup section */

/* Begin PBXNativeTarget section */
		E091C5422485F9E70066FBE9 /* HelloPlayAudio */ = {
			isa = PBXNativeTarget;
			buildConfigurationList = E091C5572485F9E80066FBE9 /* Build configuration list for PBXNativeTarget "HelloPlayAudio" */;
			buildPhases = (
				E091C53F2485F9E70066FBE9 /* Sources */,
				E091C5402485F9E70066FBE9 /* Frameworks */,
				E091C5412485F9E70066FBE9 /* Resources */,
			);
			buildRules = (
			);
			dependencies = (
			);
			name = HelloPlayAudio;
			productName = HelloPlayAudio;
			productReference = E091C5432485F9E70066FBE9 /* HelloPlayAudio.app */;
			productType = "com.apple.product-type.application";
		};
/* End PBXNativeTarget section */

/* Begin PBXProject section */
		E091C53B2485F9E70066FBE9 /* Project object */ = {
			isa = PBXProject;
			attributes = {
				LastSwiftUpdateCheck = 1150;
				LastUpgradeCheck = 1150;
				ORGANIZATIONNAME = sonny;
				TargetAttributes = {
					E091C5422485F9E70066FBE9 = {
						CreatedOnToolsVersion = 11.5;
					};
				};
			};
			buildConfigurationList = E091C53E2485F9E70066FBE9 /* Build configuration list for PBXProject "HelloPlayAudio" */;
			compatibilityVersion = "Xcode 9.3";
			developmentRegion = en;
			hasScannedForEncodings = 0;
			knownRegions = (
				en,
				Base,
			);
			mainGroup = E091C53A2485F9E70066FBE9;
			productRefGroup = E091C5442485F9E70066FBE9 /* Products */;
			projectDirPath = "";
			projectRoot = "";
			targets = (
				E091C5422485F9E70066FBE9 /* HelloPlayAudio */,
			);
		};
/* End PBXProject section */

/* Begin PBXResourcesBuildPhase section */
		E091C5412485F9E70066FBE9 /* Resources */ = {
			isa = PBXResourcesBuildPhase;
			buildActionMask = 2147483647;
			files = (
				E091C5532485F9E80066FBE9 /* LaunchScreen.storyboard in Resources */,
				E091C55C2485FB7C0066FBE9 /* Right.mp3 in Resources */,
				E091C5502485F9E80066FBE9 /* Assets.xcassets in Resources */,
				E091C54E2485F9E70066FBE9 /* Main.storyboard in Resources */,
			);
			runOnlyForDeploymentPostprocessing = 0;
		};
/* End PBXResourcesBuildPhase section */

/* Begin PBXSourcesBuildPhase section */
		E091C53F2485F9E70066FBE9 /* Sources */ = {
			isa = PBXSourcesBuildPhase;
			buildActionMask = 2147483647;
			files = (
				E091C54B2485F9E70066FBE9 /* ViewController.swift in Sources */,
				E091C5472485F9E70066FBE9 /* AppDelegate.swift in Sources */,
				E091C5492485F9E70066FBE9 /* SceneDelegate.swift in Sources */,
			);
			runOnlyForDeploymentPostprocessing = 0;
		};
/* End PBXSourcesBuildPhase section */

/* Begin PBXVariantGroup section */
		E091C54C2485F9E70066FBE9 /* Main.storyboard */ = {
			isa = PBXVariantGroup;
			children = (
				E091C54D2485F9E70066FBE9 /* Base */,
			);
			name = Main.storyboard;
			sourceTree = "<group>";
		};
		E091C5512485F9E80066FBE9 /* LaunchScreen.storyboard */ = {
			isa = PBXVariantGroup;
			children = (
				E091C5522485F9E80066FBE9 /* Base */,
			);
			name = LaunchScreen.storyboard;
			sourceTree = "<group>";
		};
/* End PBXVariantGroup section */

/* Begin XCBuildConfiguration section */
		E091C5552485F9E80066FBE9 /* Debug */ = {
			isa = XCBuildConfiguration;
			buildSettings = {
				ALWAYS_SEARCH_USER_PATHS = NO;
				CLANG_ANALYZER_NONNULL = YES;
				CLANG_ANALYZER_NUMBER_OBJECT_CONVERSION = YES_AGGRESSIVE;
				CLANG_CXX_LANGUAGE_STANDARD = "gnu++14";
				CLANG_CXX_LIBRARY = "libc++";
				CLANG_ENABLE_MODULES = YES;
				CLANG_ENABLE_OBJC_ARC = YES;
				CLANG_ENABLE_OBJC_WEAK = YES;
				CLANG_WARN_BLOCK_CAPTURE_AUTORELEASING = YES;
				CLANG_WARN_BOOL_CONVERSION = YES;
				CLANG_WARN_COMMA = YES;
				CLANG_WARN_CONSTANT_CONVERSION = YES;
				CLANG_WARN_DEPRECATED_OBJC_IMPLEMENTATIONS = YES;
				CLANG_WARN_DIRECT_OBJC_ISA_USAGE = YES_ERROR;
				CLANG_WARN_DOCUMENTATION_COMMENTS = YES;
				CLANG_WARN_EMPTY_BODY = YES;
				CLANG_WARN_ENUM_CONVERSION = YES;
				CLANG_WARN_INFINITE_RECURSION = YES;
				CLANG_WARN_INT_CONVERSION = YES;
				CLANG_WARN_NON_LITERAL_NULL_CONVERSION = YES;
				CLANG_WARN_OBJC_IMPLICIT_RETAIN_SELF = YES;
				CLANG_WARN_OBJC_LITERAL_CONVERSION = YES;
				CLANG_WARN_OBJC_ROOT_CLASS = YES_ERROR;
				CLANG_WARN_RANGE_LOOP_ANALYSIS = YES;
				CLANG_WARN_STRICT_PROTOTYPES = YES;
				CLANG_WARN_SUSPICIOUS_MOVE = YES;
				CLANG_WARN_UNGUARDED_AVAILABILITY = YES_AGGRESSIVE;
				CLANG_WARN_UNREACHABLE_CODE = YES;
				CLANG_WARN__DUPLICATE_METHOD_MATCH = YES;
				COPY_PHASE_STRIP = NO;
				DEBUG_INFORMATION_FORMAT = dwarf;
				ENABLE_STRICT_OBJC_MSGSEND = YES;
				ENABLE_TESTABILITY = YES;
				GCC_C_LANGUAGE_STANDARD = gnu11;
				GCC_DYNAMIC_NO_PIC = NO;
				GCC_NO_COMMON_BLOCKS = YES;
				GCC_OPTIMIZATION_LEVEL = 0;
				GCC_PREPROCESSOR_DEFINITIONS = (
					"DEBUG=1",
					"$(inherited)",
				);
				GCC_WARN_64_TO_32_BIT_CONVERSION = YES;
				GCC_WARN_ABOUT_RETURN_TYPE = YES_ERROR;
				GCC_WARN_UNDECLARED_SELECTOR = YES;
				GCC_WARN_UNINITIALIZED_AUTOS = YES_AGGRESSIVE;
				GCC_WARN_UNUSED_FUNCTION = YES;
				GCC_WARN_UNUSED_VARIABLE = YES;
				IPHONEOS_DEPLOYMENT_TARGET = 13.5;
				MTL_ENABLE_DEBUG_INFO = INCLUDE_SOURCE;
				MTL_FAST_MATH = YES;
				ONLY_ACTIVE_ARCH = YES;
				SDKROOT = iphoneos;
				SWIFT_ACTIVE_COMPILATION_CONDITIONS = DEBUG;
				SWIFT_OPTIMIZATION_LEVEL = "-Onone";
			};
			name = Debug;
		};
		E091C5562485F9E80066FBE9 /* Release */ = {
			isa = XCBuildConfiguration;
			buildSettings = {
				ALWAYS_SEARCH_USER_PATHS = NO;
				CLANG_ANALYZER_NONNULL = YES;
				CLANG_ANALYZER_NUMBER_OBJECT_CONVERSION = YES_AGGRESSIVE;
				CLANG_CXX_LANGUAGE_STANDARD = "gnu++14";
				CLANG_CXX_LIBRARY = "libc++";
				CLANG_ENABLE_MODULES = YES;
				CLANG_ENABLE_OBJC_ARC = YES;
				CLANG_ENABLE_OBJC_WEAK = YES;
				CLANG_WARN_BLOCK_CAPTURE_AUTORELEASING = YES;
				CLANG_WARN_BOOL_CONVERSION = YES;
				CLANG_WARN_COMMA = YES;
				CLANG_WARN_CONSTANT_CONVERSION = YES;
				CLANG_WARN_DEPRECATED_OBJC_IMPLEMENTATIONS = YES;
				CLANG_WARN_DIRECT_OBJC_ISA_USAGE = YES_ERROR;
				CLANG_WARN_DOCUMENTATION_COMMENTS = YES;
				CLANG_WARN_EMPTY_BODY = YES;
				CLANG_WARN_ENUM_CONVERSION = YES;
				CLANG_WARN_INFINITE_RECURSION = YES;
				CLANG_WARN_INT_CONVERSION = YES;
				CLANG_WARN_NON_LITERAL_NULL_CONVERSION = YES;
				CLANG_WARN_OBJC_IMPLICIT_RETAIN_SELF = YES;
				CLANG_WARN_OBJC_LITERAL_CONVERSION = YES;
				CLANG_WARN_OBJC_ROOT_CLASS = YES_ERROR;
				CLANG_WARN_RANGE_LOOP_ANALYSIS = YES;
				CLANG_WARN_STRICT_PROTOTYPES = YES;
				CLANG_WARN_SUSPICIOUS_MOVE = YES;
				CLANG_WARN_UNGUARDED_AVAILABILITY = YES_AGGRESSIVE;
				CLANG_WARN_UNREACHABLE_CODE = YES;
				CLANG_WARN__DUPLICATE_METHOD_MATCH = YES;
				COPY_PHASE_STRIP = NO;
				DEBUG_INFORMATION_FORMAT = "dwarf-with-dsym";
				ENABLE_NS_ASSERTIONS = NO;
				ENABLE_STRICT_OBJC_MSGSEND = YES;
				GCC_C_LANGUAGE_STANDARD = gnu11;
				GCC_NO_COMMON_BLOCKS = YES;
				GCC_WARN_64_TO_32_BIT_CONVERSION = YES;
				GCC_WARN_ABOUT_RETURN_TYPE = YES_ERROR;
				GCC_WARN_UNDECLARED_SELECTOR = YES;
				GCC_WARN_UNINITIALIZED_AUTOS = YES_AGGRESSIVE;
				GCC_WARN_UNUSED_FUNCTION = YES;
				GCC_WARN_UNUSED_VARIABLE = YES;
				IPHONEOS_DEPLOYMENT_TARGET = 13.5;
				MTL_ENABLE_DEBUG_INFO = NO;
				MTL_FAST_MATH = YES;
				SDKROOT = iphoneos;
				SWIFT_COMPILATION_MODE = wholemodule;
				SWIFT_OPTIMIZATION_LEVEL = "-O";
				VALIDATE_PRODUCT = YES;
			};
			name = Release;
		};
		E091C5582485F9E80066FBE9 /* Debug */ = {
			isa = XCBuildConfiguration;
			buildSettings = {
				ASSETCATALOG_COMPILER_APPICON_NAME = AppIcon;
				CODE_SIGN_STYLE = Automatic;
				INFOPLIST_FILE = HelloPlayAudio/Info.plist;
				LD_RUNPATH_SEARCH_PATHS = (
					"$(inherited)",
					"@executable_path/Frameworks",
				);
				PRODUCT_BUNDLE_IDENTIFIER = com.sonny.HelloPlayAudio;
				PRODUCT_NAME = "$(TARGET_NAME)";
				SWIFT_VERSION = 5.0;
				TARGETED_DEVICE_FAMILY = "1,2";
			};
			name = Debug;
		};
		E091C5592485F9E80066FBE9 /* Release */ = {
			isa = XCBuildConfiguration;
			buildSettings = {
				ASSETCATALOG_COMPILER_APPICON_NAME = AppIcon;
				CODE_SIGN_STYLE = Automatic;
				INFOPLIST_FILE = HelloPlayAudio/Info.plist;
				LD_RUNPATH_SEARCH_PATHS = (
					"$(inherited)",
					"@executable_path/Frameworks",
				);
				PRODUCT_BUNDLE_IDENTIFIER = com.sonny.HelloPlayAudio;
				PRODUCT_NAME = "$(TARGET_NAME)";
				SWIFT_VERSION = 5.0;
				TARGETED_DEVICE_FAMILY = "1,2";
			};
			name = Release;
		};
/* End XCBuildConfiguration section */

/* Begin XCConfigurationList section */
		E091C53E2485F9E70066FBE9 /* Build configuration list for PBXProject "HelloPlayAudio" */ = {
			isa = XCConfigurationList;
			buildConfigurations = (
				E091C5552485F9E80066FBE9 /* Debug */,
				E091C5562485F9E80066FBE9 /* Release */,
			);
			defaultConfigurationIsVisible = 0;
			defaultConfigurationName = Release;
		};
		E091C5572485F9E80066FBE9 /* Build configuration list for PBXNativeTarget "HelloPlayAudio" */ = {
			isa = XCConfigurationList;
			buildConfigurations = (
				E091C5582485F9E80066FBE9 /* Debug */,
				E091C5592485F9E80066FBE9 /* Release */,
			);
			defaultConfigurationIsVisible = 0;
			defaultConfigurationName = Release;
		};
/* End XCConfigurationList section */
	};
	rootObject = E091C53B2485F9E70066FBE9 /* Project object */;
}
